// !$*UTF8*$!
{
	archiveVersion = 1;
	classes = {
	};
	objectVersion = 45;
	objects = {

/* Begin PBXBuildFile section */
		45DB62D410F2EB7200887E8A /* DeliciousAccount.m in Sources */ = {isa = PBXBuildFile; fileRef = 45DB62D110F2EB7200887E8A /* DeliciousAccount.m */; };
		45DB62D510F2EB7200887E8A /* DeliciousBookmarksSource.m in Sources */ = {isa = PBXBuildFile; fileRef = 45DB62D210F2EB7200887E8A /* DeliciousBookmarksSource.m */; };
		45DB62DB10F2EBE600887E8A /* delicious.icns in Resources */ = {isa = PBXBuildFile; fileRef = 45DB62DA10F2EBE600887E8A /* delicious.icns */; };
		45DB62E010F2EBF500887E8A /* EditDeliciousAccount.xib in Resources */ = {isa = PBXBuildFile; fileRef = 45DB62DC10F2EBF500887E8A /* EditDeliciousAccount.xib */; };
		45DB62E110F2EBF500887E8A /* SetUpDeliciousAccountView.xib in Resources */ = {isa = PBXBuildFile; fileRef = 45DB62DE10F2EBF500887E8A /* SetUpDeliciousAccountView.xib */; };
		45DB63E010F41EEE00887E8A /* GTMMethodCheck.m in Sources */ = {isa = PBXBuildFile; fileRef = 8B4465E810F2863300561E62 /* GTMMethodCheck.m */; };
		7F38DD3B0F68694B0051B7E3 /* Vermilion.framework in Frameworks */ = {isa = PBXBuildFile; fileRef = 7F38DD3A0F68694B0051B7E3 /* Vermilion.framework */; };
		7F38DE690F688CC20051B7E3 /* GTM.framework in Frameworks */ = {isa = PBXBuildFile; fileRef = 7F38DE680F688CC20051B7E3 /* GTM.framework */; };
		7F80FC720F696C5B00228142 /* Cocoa.framework in Frameworks */ = {isa = PBXBuildFile; fileRef = 7F80FC710F696C5B00228142 /* Cocoa.framework */; };
		8B0D217E0F796E1C00FD4A12 /* HGSBundle.m in Sources */ = {isa = PBXBuildFile; fileRef = 8B0D217D0F796E1C00FD4A12 /* HGSBundle.m */; };
		8B44633B10F2722800561E62 /* QSBPluginUI.framework in Frameworks */ = {isa = PBXBuildFile; fileRef = 8B44633A10F2722800561E62 /* QSBPluginUI.framework */; };
		8B4465A510F285F600561E62 /* GData.framework in Frameworks */ = {isa = PBXBuildFile; fileRef = 8B4465A410F285F600561E62 /* GData.framework */; };
/* End PBXBuildFile section */

/* Begin PBXFileReference section */
		45DB62D010F2EB7200887E8A /* DeliciousAccount.h */ = {isa = PBXFileReference; fileEncoding = 4; lastKnownFileType = sourcecode.c.h; path = DeliciousAccount.h; sourceTree = "<group>"; };
		45DB62D110F2EB7200887E8A /* DeliciousAccount.m */ = {isa = PBXFileReference; fileEncoding = 4; lastKnownFileType = sourcecode.c.objc; path = DeliciousAccount.m; sourceTree = "<group>"; };
		45DB62D210F2EB7200887E8A /* DeliciousBookmarksSource.m */ = {isa = PBXFileReference; fileEncoding = 4; lastKnownFileType = sourcecode.c.objc; path = DeliciousBookmarksSource.m; sourceTree = "<group>"; };
		45DB62D310F2EB7200887E8A /* DeliciousConstants.h */ = {isa = PBXFileReference; fileEncoding = 4; lastKnownFileType = sourcecode.c.h; path = DeliciousConstants.h; sourceTree = "<group>"; };
		45DB62D810F2EBB400887E8A /* Delicious-Info.plist */ = {isa = PBXFileReference; fileEncoding = 4; lastKnownFileType = text.plist.xml; path = "Delicious-Info.plist"; sourceTree = "<group>"; };
		45DB62DA10F2EBE600887E8A /* delicious.icns */ = {isa = PBXFileReference; lastKnownFileType = image.icns; path = delicious.icns; sourceTree = "<group>"; };
		45DB62DD10F2EBF500887E8A /* English */ = {isa = PBXFileReference; lastKnownFileType = file.xib; name = English; path = English.lproj/EditDeliciousAccount.xib; sourceTree = "<group>"; };
		45DB62DF10F2EBF500887E8A /* English */ = {isa = PBXFileReference; lastKnownFileType = file.xib; name = English; path = English.lproj/SetUpDeliciousAccountView.xib; sourceTree = "<group>"; };
		45DB62F610F2ECB500887E8A /* Delicious_Prefix.pch */ = {isa = PBXFileReference; fileEncoding = 4; lastKnownFileType = sourcecode.c.h; path = Delicious_Prefix.pch; sourceTree = "<group>"; };
		7F38DD3A0F68694B0051B7E3 /* Vermilion.framework */ = {isa = PBXFileReference; lastKnownFileType = wrapper.framework; path = Vermilion.framework; sourceTree = QSBBUILDROOT; };
		7F38DE680F688CC20051B7E3 /* GTM.framework */ = {isa = PBXFileReference; lastKnownFileType = wrapper.framework; path = GTM.framework; sourceTree = QSBBUILDROOT; };
		7F80FC710F696C5B00228142 /* Cocoa.framework */ = {isa = PBXFileReference; lastKnownFileType = wrapper.framework; name = Cocoa.framework; path = System/Library/Frameworks/Cocoa.framework; sourceTree = SDKROOT; };
		7F8450F40F6B1F7B000CD5C1 /* QSBDebug.xcconfig */ = {isa = PBXFileReference; fileEncoding = 4; lastKnownFileType = text.xcconfig; name = QSBDebug.xcconfig; path = QSB/xcconfig/QSBDebug.xcconfig; sourceTree = QSBSRCROOT; };
		7F8450F50F6B1F7B000CD5C1 /* QSBRelease.xcconfig */ = {isa = PBXFileReference; fileEncoding = 4; lastKnownFileType = text.xcconfig; name = QSBRelease.xcconfig; path = QSB/xcconfig/QSBRelease.xcconfig; sourceTree = QSBSRCROOT; };
		8B0D217D0F796E1C00FD4A12 /* HGSBundle.m */ = {isa = PBXFileReference; fileEncoding = 4; lastKnownFileType = sourcecode.c.objc; name = HGSBundle.m; path = ../Vermilion/Vermilion/HGSBundle.m; sourceTree = QSBSRCROOT; };
		8B0D21FB0F7970DE00FD4A12 /* README.txt */ = {isa = PBXFileReference; fileEncoding = 4; lastKnownFileType = text; path = README.txt; sourceTree = "<group>"; };
		8B44633A10F2722800561E62 /* QSBPluginUI.framework */ = {isa = PBXFileReference; lastKnownFileType = wrapper.framework; path = QSBPluginUI.framework; sourceTree = QSBBUILDROOT; };
		8B4465A410F285F600561E62 /* GData.framework */ = {isa = PBXFileReference; lastKnownFileType = wrapper.framework; path = GData.framework; sourceTree = QSBBUILDROOT; };
		8B4465E810F2863300561E62 /* GTMMethodCheck.m */ = {isa = PBXFileReference; fileEncoding = 4; lastKnownFileType = sourcecode.c.objc; name = GTMMethodCheck.m; path = DebugUtils/GTMMethodCheck.m; sourceTree = "<group>"; };
		8B4465EF10F2867D00561E62 /* GTMMethodCheck.h */ = {isa = PBXFileReference; fileEncoding = 4; lastKnownFileType = sourcecode.c.h; name = GTMMethodCheck.h; path = DebugUtils/GTMMethodCheck.h; sourceTree = "<group>"; };
		8B4465F110F2868700561E62 /* GTMObjC2Runtime.h */ = {isa = PBXFileReference; fileEncoding = 4; lastKnownFileType = sourcecode.c.h; path = GTMObjC2Runtime.h; sourceTree = "<group>"; };
		8B4465F410F2868F00561E62 /* GTMDefines.h */ = {isa = PBXFileReference; fileEncoding = 4; lastKnownFileType = sourcecode.c.h; path = GTMDefines.h; sourceTree = "<group>"; };
		8BAA94490F7A6EBC00DF4F12 /* LoadableBundle.xcconfig */ = {isa = PBXFileReference; fileEncoding = 4; lastKnownFileType = text.xcconfig; name = LoadableBundle.xcconfig; path = "externals/google-toolbox-for-mac/XcodeConfig/Target/LoadableBundle.xcconfig"; sourceTree = QSBSRCROOT; };
		8D5B49B6048680CD000E48DA /* Delicious.hgs */ = {isa = PBXFileReference; explicitFileType = wrapper.cfbundle; includeInIndex = 0; path = Delicious.hgs; sourceTree = BUILT_PRODUCTS_DIR; };
/* End PBXFileReference section */

/* Begin PBXFrameworksBuildPhase section */
		8D5B49B3048680CD000E48DA /* Frameworks */ = {
			isa = PBXFrameworksBuildPhase;
			buildActionMask = 2147483647;
			files = (
				7F38DD3B0F68694B0051B7E3 /* Vermilion.framework in Frameworks */,
				7F38DE690F688CC20051B7E3 /* GTM.framework in Frameworks */,
				7F80FC720F696C5B00228142 /* Cocoa.framework in Frameworks */,
				8B44633B10F2722800561E62 /* QSBPluginUI.framework in Frameworks */,
				8B4465A510F285F600561E62 /* GData.framework in Frameworks */,
			);
			runOnlyForDeploymentPostprocessing = 0;
		};
/* End PBXFrameworksBuildPhase section */

/* Begin PBXGroup section */
		089C166AFE841209C02AAC07 /* Delicious */ = {
			isa = PBXGroup;
			children = (
				8B0D21FB0F7970DE00FD4A12 /* README.txt */,
				8B4465E310F2863300561E62 /* externals */,
				08FB77AFFE84173DC02AAC07 /* Classes */,
				32C88E010371C26100C91783 /* Other Sources */,
				089C167CFE841241C02AAC07 /* Resources */,
				089C1671FE841209C02AAC07 /* Frameworks and Libraries */,
				19C28FB8FE9D52D311CA2CBB /* Products */,
			);
			name = Delicious;
			sourceTree = "<group>";
		};
		089C1671FE841209C02AAC07 /* Frameworks and Libraries */ = {
			isa = PBXGroup;
			children = (
				1058C7ACFEA557BF11CA2CBB /* Linked Frameworks */,
			);
			name = "Frameworks and Libraries";
			sourceTree = "<group>";
		};
		089C167CFE841241C02AAC07 /* Resources */ = {
			isa = PBXGroup;
			children = (
				45DB62DC10F2EBF500887E8A /* EditDeliciousAccount.xib */,
				45DB62DE10F2EBF500887E8A /* SetUpDeliciousAccountView.xib */,
				45DB62DA10F2EBE600887E8A /* delicious.icns */,
			);
			path = Resources;
			sourceTree = "<group>";
		};
		08FB77AFFE84173DC02AAC07 /* Classes */ = {
			isa = PBXGroup;
			children = (
				45DB62D010F2EB7200887E8A /* DeliciousAccount.h */,
				45DB62D110F2EB7200887E8A /* DeliciousAccount.m */,
				45DB62D210F2EB7200887E8A /* DeliciousBookmarksSource.m */,
				45DB62D310F2EB7200887E8A /* DeliciousConstants.h */,
			);
			name = Classes;
			sourceTree = "<group>";
		};
		1058C7ACFEA557BF11CA2CBB /* Linked Frameworks */ = {
			isa = PBXGroup;
			children = (
				8B4465A410F285F600561E62 /* GData.framework */,
				8B44633A10F2722800561E62 /* QSBPluginUI.framework */,
				7F80FC710F696C5B00228142 /* Cocoa.framework */,
				7F38DE680F688CC20051B7E3 /* GTM.framework */,
				7F38DD3A0F68694B0051B7E3 /* Vermilion.framework */,
			);
			name = "Linked Frameworks";
			sourceTree = "<group>";
		};
		19C28FB8FE9D52D311CA2CBB /* Products */ = {
			isa = PBXGroup;
			children = (
				8D5B49B6048680CD000E48DA /* Delicious.hgs */,
			);
			name = Products;
			sourceTree = "<group>";
		};
		32C88E010371C26100C91783 /* Other Sources */ = {
			isa = PBXGroup;
			children = (
				45DB62F610F2ECB500887E8A /* Delicious_Prefix.pch */,
				45DB62D810F2EBB400887E8A /* Delicious-Info.plist */,
				8B0D217D0F796E1C00FD4A12 /* HGSBundle.m */,
				7F8450F40F6B1F7B000CD5C1 /* QSBDebug.xcconfig */,
				7F8450F50F6B1F7B000CD5C1 /* QSBRelease.xcconfig */,
				8BAA94490F7A6EBC00DF4F12 /* LoadableBundle.xcconfig */,
			);
			name = "Other Sources";
			sourceTree = "<group>";
		};
		8B4465E310F2863300561E62 /* externals */ = {
			isa = PBXGroup;
			children = (
				8B4465E410F2863300561E62 /* google-toolbox-for-mac */,
			);
			path = externals;
			sourceTree = QSBSRCROOT;
		};
		8B4465E410F2863300561E62 /* google-toolbox-for-mac */ = {
			isa = PBXGroup;
			children = (
				8B4465F410F2868F00561E62 /* GTMDefines.h */,
				8B4465E610F2863300561E62 /* DebugUtils */,
			);
			path = "google-toolbox-for-mac";
			sourceTree = "<group>";
		};
		8B4465E610F2863300561E62 /* DebugUtils */ = {
			isa = PBXGroup;
			children = (
				8B4465EF10F2867D00561E62 /* GTMMethodCheck.h */,
				8B4465E810F2863300561E62 /* GTMMethodCheck.m */,
				8B4465F010F2868700561E62 /* Foundation */,
			);
			name = DebugUtils;
			sourceTree = "<group>";
		};
		8B4465F010F2868700561E62 /* Foundation */ = {
			isa = PBXGroup;
			children = (
				8B4465F110F2868700561E62 /* GTMObjC2Runtime.h */,
			);
			path = Foundation;
			sourceTree = "<group>";
		};
/* End PBXGroup section */

/* Begin PBXNativeTarget section */
		8D5B49AC048680CD000E48DA /* Delicious */ = {
			isa = PBXNativeTarget;
			buildConfigurationList = 1DEB913A08733D840010E9CD /* Build configuration list for PBXNativeTarget "Delicious" */;
			buildPhases = (
				8D5B49AF048680CD000E48DA /* Resources */,
				8D5B49B1048680CD000E48DA /* Sources */,
				8D5B49B3048680CD000E48DA /* Frameworks */,
			);
			buildRules = (
			);
			dependencies = (
			);
			name = Delicious;
			productInstallPath = "$(HOME)/Library/Bundles";
			productName = Delicious;
			productReference = 8D5B49B6048680CD000E48DA /* Delicious.hgs */;
			productType = "com.apple.product-type.bundle";
		};
/* End PBXNativeTarget section */

/* Begin PBXProject section */
		089C1669FE841209C02AAC07 /* Project object */ = {
			isa = PBXProject;
			buildConfigurationList = 1DEB913E08733D840010E9CD /* Build configuration list for PBXProject "Delicious" */;
			compatibilityVersion = "Xcode 3.1";
			hasScannedForEncodings = 1;
			knownRegions = (
				English,
				Japanese,
				French,
				German,
				en_US,
				de,
				en_GB,
				es,
				fr,
				it,
				ja,
				nl,
				zh_CN,
				zh_TW,
			);
			mainGroup = 089C166AFE841209C02AAC07 /* Delicious */;
			projectDirPath = "";
			projectRoot = "";
			targets = (
				8D5B49AC048680CD000E48DA /* Delicious */,
			);
		};
/* End PBXProject section */

/* Begin PBXResourcesBuildPhase section */
		8D5B49AF048680CD000E48DA /* Resources */ = {
			isa = PBXResourcesBuildPhase;
			buildActionMask = 2147483647;
			files = (
				45DB62DB10F2EBE600887E8A /* delicious.icns in Resources */,
				45DB62E010F2EBF500887E8A /* EditDeliciousAccount.xib in Resources */,
				45DB62E110F2EBF500887E8A /* SetUpDeliciousAccountView.xib in Resources */,
			);
			runOnlyForDeploymentPostprocessing = 0;
		};
/* End PBXResourcesBuildPhase section */

/* Begin PBXSourcesBuildPhase section */
		8D5B49B1048680CD000E48DA /* Sources */ = {
			isa = PBXSourcesBuildPhase;
			buildActionMask = 2147483647;
			files = (
				45DB63E010F41EEE00887E8A /* GTMMethodCheck.m in Sources */,
				8B0D217E0F796E1C00FD4A12 /* HGSBundle.m in Sources */,
				45DB62D410F2EB7200887E8A /* DeliciousAccount.m in Sources */,
				45DB62D510F2EB7200887E8A /* DeliciousBookmarksSource.m in Sources */,
			);
			runOnlyForDeploymentPostprocessing = 0;
		};
/* End PBXSourcesBuildPhase section */

/* Begin PBXVariantGroup section */
		45DB62DC10F2EBF500887E8A /* EditDeliciousAccount.xib */ = {
			isa = PBXVariantGroup;
			children = (
				45DB62DD10F2EBF500887E8A /* English */,
			);
			name = EditDeliciousAccount.xib;
			sourceTree = "<group>";
		};
		45DB62DE10F2EBF500887E8A /* SetUpDeliciousAccountView.xib */ = {
			isa = PBXVariantGroup;
			children = (
				45DB62DF10F2EBF500887E8A /* English */,
			);
			name = SetUpDeliciousAccountView.xib;
			sourceTree = "<group>";
		};
/* End PBXVariantGroup section */

/* Begin XCBuildConfiguration section */
		1DEB913B08733D840010E9CD /* Debug */ = {
			isa = XCBuildConfiguration;
			baseConfigurationReference = 8BAA94490F7A6EBC00DF4F12 /* LoadableBundle.xcconfig */;
			buildSettings = {
				FRAMEWORK_SEARCH_PATHS = (
					"$(inherited)",
					"$(QSBBUILDROOT)",
				);
				GCC_PREFIX_HEADER = Delicious_Prefix.pch;
				INFOPLIST_FILE = "Delicious-Info.plist";
				PRODUCT_NAME = Delicious;
				WRAPPER_EXTENSION = hgs;
			};
			name = Debug;
		};
		1DEB913C08733D840010E9CD /* Release */ = {
			isa = XCBuildConfiguration;
			baseConfigurationReference = 8BAA94490F7A6EBC00DF4F12 /* LoadableBundle.xcconfig */;
			buildSettings = {
				FRAMEWORK_SEARCH_PATHS = (
					"$(inherited)",
					"$(QSBBUILDROOT)",
				);
				GCC_PREFIX_HEADER = Delicious_Prefix.pch;
				INFOPLIST_FILE = "Delicious-Info.plist";
				PRODUCT_NAME = Delicious;
				WRAPPER_EXTENSION = hgs;
			};
			name = Release;
		};
		1DEB913F08733D840010E9CD /* Debug */ = {
			isa = XCBuildConfiguration;
			baseConfigurationReference = 7F8450F40F6B1F7B000CD5C1 /* QSBDebug.xcconfig */;
			buildSettings = {
			};
			name = Debug;
		};
		1DEB914008733D840010E9CD /* Release */ = {
			isa = XCBuildConfiguration;
			baseConfigurationReference = 7F8450F50F6B1F7B000CD5C1 /* QSBRelease.xcconfig */;
			buildSettings = {
			};
			name = Release;
		};
/* End XCBuildConfiguration section */

/* Begin XCConfigurationList section */
		1DEB913A08733D840010E9CD /* Build configuration list for PBXNativeTarget "Delicious" */ = {
			isa = XCConfigurationList;
			buildConfigurations = (
				1DEB913B08733D840010E9CD /* Debug */,
				1DEB913C08733D840010E9CD /* Release */,
			);
			defaultConfigurationIsVisible = 0;
			defaultConfigurationName = Release;
		};
		1DEB913E08733D840010E9CD /* Build configuration list for PBXProject "Delicious" */ = {
			isa = XCConfigurationList;
			buildConfigurations = (
				1DEB913F08733D840010E9CD /* Debug */,
				1DEB914008733D840010E9CD /* Release */,
			);
			defaultConfigurationIsVisible = 0;
			defaultConfigurationName = Release;
		};
/* End XCConfigurationList section */
	};
	rootObject = 089C1669FE841209C02AAC07 /* Project object */;
}
