// !$*UTF8*$!
{
	archiveVersion = 1;
	classes = {
	};
	objectVersion = 45;
	objects = {

/* Begin PBXBuildFile section */
		45315BE1122011BF004ED59E /* ClassicDeliciousFetcher.m in Sources */ = {isa = PBXBuildFile; fileRef = 45315BE0122011BF004ED59E /* ClassicDeliciousFetcher.m */; };
		4579210F1239D0870002CA4F /* OAuthDeliciousFetcher.m in Sources */ = {isa = PBXBuildFile; fileRef = 4579210E1239D0870002CA4F /* OAuthDeliciousFetcher.m */; };
		4579270E1241C9F40002CA4F /* Base64Transcoder.c in Sources */ = {isa = PBXBuildFile; fileRef = 457926EC1241C9F40002CA4F /* Base64Transcoder.c */; };
		4579270F1241C9F40002CA4F /* NSMutableURLRequest+Parameters.m in Sources */ = {isa = PBXBuildFile; fileRef = 457926EF1241C9F40002CA4F /* NSMutableURLRequest+Parameters.m */; };
		457927101241C9F40002CA4F /* NSString+URLEncoding.m in Sources */ = {isa = PBXBuildFile; fileRef = 457926F11241C9F40002CA4F /* NSString+URLEncoding.m */; };
		457927111241C9F40002CA4F /* NSURL+Base.m in Sources */ = {isa = PBXBuildFile; fileRef = 457926F31241C9F40002CA4F /* NSURL+Base.m */; };
		457927121241C9F40002CA4F /* OAAsynchronousDataFetcher.m in Sources */ = {isa = PBXBuildFile; fileRef = 457926F51241C9F40002CA4F /* OAAsynchronousDataFetcher.m */; };
		457927131241C9F40002CA4F /* OAConsumer.m in Sources */ = {isa = PBXBuildFile; fileRef = 457926F71241C9F40002CA4F /* OAConsumer.m */; };
		457927141241C9F40002CA4F /* OADataFetcher.m in Sources */ = {isa = PBXBuildFile; fileRef = 457926F91241C9F40002CA4F /* OADataFetcher.m */; };
		457927151241C9F40002CA4F /* OAHMAC_SHA1SignatureProvider.m in Sources */ = {isa = PBXBuildFile; fileRef = 457926FB1241C9F40002CA4F /* OAHMAC_SHA1SignatureProvider.m */; };
		457927161241C9F40002CA4F /* OAMutableURLRequest.m in Sources */ = {isa = PBXBuildFile; fileRef = 457926FD1241C9F40002CA4F /* OAMutableURLRequest.m */; };
		457927171241C9F40002CA4F /* OAPlaintextSignatureProvider.m in Sources */ = {isa = PBXBuildFile; fileRef = 457926FF1241C9F40002CA4F /* OAPlaintextSignatureProvider.m */; };
		457927181241C9F40002CA4F /* OARequestParameter.m in Sources */ = {isa = PBXBuildFile; fileRef = 457927011241C9F40002CA4F /* OARequestParameter.m */; };
		457927191241C9F40002CA4F /* OAServiceTicket.m in Sources */ = {isa = PBXBuildFile; fileRef = 457927031241C9F40002CA4F /* OAServiceTicket.m */; };
		4579271B1241C9F40002CA4F /* OAToken_KeychainExtensions.m in Sources */ = {isa = PBXBuildFile; fileRef = 457927071241C9F40002CA4F /* OAToken_KeychainExtensions.m */; };
		4579271C1241C9F40002CA4F /* OAToken.m in Sources */ = {isa = PBXBuildFile; fileRef = 457927091241C9F40002CA4F /* OAToken.m */; };
		45AEEC2B12345F6C00DF8A06 /* DeliciousFetcher.m in Sources */ = {isa = PBXBuildFile; fileRef = 45AEEC2A12345F6C00DF8A06 /* DeliciousFetcher.m */; };
		45AEEC651235C67A00DF8A06 /* YahooDeliciousAccount.m in Sources */ = {isa = PBXBuildFile; fileRef = 45AEEC641235C67A00DF8A06 /* YahooDeliciousAccount.m */; };
		45AEEC7A1235CB1C00DF8A06 /* EditYahooDeliciousAccount.xib in Resources */ = {isa = PBXBuildFile; fileRef = 45AEEC761235CB1C00DF8A06 /* EditYahooDeliciousAccount.xib */; };
		45AEEC7B1235CB1C00DF8A06 /* SetUpYahooDeliciousAccountView.xib in Resources */ = {isa = PBXBuildFile; fileRef = 45AEEC781235CB1C00DF8A06 /* SetUpYahooDeliciousAccountView.xib */; };
		45AEEE541235DCD300DF8A06 /* NSData+OAuthResponse.m in Sources */ = {isa = PBXBuildFile; fileRef = 45AEEE231235DCD300DF8A06 /* NSData+OAuthResponse.m */; };
		45AEEE551235DCD300DF8A06 /* NSDictionary+QueryString.m in Sources */ = {isa = PBXBuildFile; fileRef = 45AEEE251235DCD300DF8A06 /* NSDictionary+QueryString.m */; };
		45AEEE561235DCD300DF8A06 /* NSString+URLEncoding.m in Sources */ = {isa = PBXBuildFile; fileRef = 45AEEE271235DCD300DF8A06 /* NSString+URLEncoding.m */; };
		45AEEE571235DCD300DF8A06 /* YOAuthConsumer.m in Sources */ = {isa = PBXBuildFile; fileRef = 45AEEE2A1235DCD300DF8A06 /* YOAuthConsumer.m */; };
		45AEEE581235DCD300DF8A06 /* YOAuthRequest.m in Sources */ = {isa = PBXBuildFile; fileRef = 45AEEE2C1235DCD300DF8A06 /* YOAuthRequest.m */; };
		45AEEE591235DCD300DF8A06 /* YOAuthSignatureMethod_HMAC-SHA1.m in Sources */ = {isa = PBXBuildFile; fileRef = 45AEEE2F1235DCD300DF8A06 /* YOAuthSignatureMethod_HMAC-SHA1.m */; };
		45AEEE5A1235DCD300DF8A06 /* YOAuthSignatureMethod_PLAINTEXT.m in Sources */ = {isa = PBXBuildFile; fileRef = 45AEEE311235DCD300DF8A06 /* YOAuthSignatureMethod_PLAINTEXT.m */; };
		45AEEE5B1235DCD300DF8A06 /* YOAuthToken.m in Sources */ = {isa = PBXBuildFile; fileRef = 45AEEE331235DCD300DF8A06 /* YOAuthToken.m */; };
		45AEEE5C1235DCD300DF8A06 /* YOAuthUtil.m in Sources */ = {isa = PBXBuildFile; fileRef = 45AEEE351235DCD300DF8A06 /* YOAuthUtil.m */; };
		45AEEE5D1235DCD300DF8A06 /* YOSAccessToken.m in Sources */ = {isa = PBXBuildFile; fileRef = 45AEEE381235DCD300DF8A06 /* YOSAccessToken.m */; };
		45AEEE5E1235DCD300DF8A06 /* YOSAuthRequest.m in Sources */ = {isa = PBXBuildFile; fileRef = 45AEEE3A1235DCD300DF8A06 /* YOSAuthRequest.m */; };
		45AEEE5F1235DCD300DF8A06 /* YOSBaseRequest.m in Sources */ = {isa = PBXBuildFile; fileRef = 45AEEE3C1235DCD300DF8A06 /* YOSBaseRequest.m */; };
		45AEEE611235DCD300DF8A06 /* YOSRequestClient.m in Sources */ = {isa = PBXBuildFile; fileRef = 45AEEE401235DCD300DF8A06 /* YOSRequestClient.m */; };
		45AEEE621235DCD300DF8A06 /* YOSRequestToken.m in Sources */ = {isa = PBXBuildFile; fileRef = 45AEEE421235DCD300DF8A06 /* YOSRequestToken.m */; };
		45AEEE631235DCD300DF8A06 /* YOSResponseData.m in Sources */ = {isa = PBXBuildFile; fileRef = 45AEEE441235DCD300DF8A06 /* YOSResponseData.m */; };
		45AEEE641235DCD300DF8A06 /* YOSSession.m in Sources */ = {isa = PBXBuildFile; fileRef = 45AEEE461235DCD300DF8A06 /* YOSSession.m */; };
		45AEEE651235DCD300DF8A06 /* YOSTokenStore.m in Sources */ = {isa = PBXBuildFile; fileRef = 45AEEE491235DCD300DF8A06 /* YOSTokenStore.m */; };
		45AEEE661235DCD300DF8A06 /* YOSUser.m in Sources */ = {isa = PBXBuildFile; fileRef = 45AEEE4B1235DCD300DF8A06 /* YOSUser.m */; };
		45D711851242E7A8007B7996 /* Security.framework in Frameworks */ = {isa = PBXBuildFile; fileRef = 45D711841242E7A8007B7996 /* Security.framework */; };
		45D712B61242FDBE007B7996 /* JSON.framework in Frameworks */ = {isa = PBXBuildFile; fileRef = 45D712B51242FDBE007B7996 /* JSON.framework */; };
		45DB62D410F2EB7200887E8A /* DeliciousAccount.m in Sources */ = {isa = PBXBuildFile; fileRef = 45DB62D110F2EB7200887E8A /* DeliciousAccount.m */; };
		45DB62D510F2EB7200887E8A /* DeliciousBookmarksSource.m in Sources */ = {isa = PBXBuildFile; fileRef = 45DB62D210F2EB7200887E8A /* DeliciousBookmarksSource.m */; };
		45DB62DB10F2EBE600887E8A /* delicious.icns in Resources */ = {isa = PBXBuildFile; fileRef = 45DB62DA10F2EBE600887E8A /* delicious.icns */; };
		45DB62E010F2EBF500887E8A /* EditDeliciousAccount.xib in Resources */ = {isa = PBXBuildFile; fileRef = 45DB62DC10F2EBF500887E8A /* EditDeliciousAccount.xib */; };
		45DB62E110F2EBF500887E8A /* SetUpDeliciousAccountView.xib in Resources */ = {isa = PBXBuildFile; fileRef = 45DB62DE10F2EBF500887E8A /* SetUpDeliciousAccountView.xib */; };
		45DB63E010F41EEE00887E8A /* GTMMethodCheck.m in Sources */ = {isa = PBXBuildFile; fileRef = 8B4465E810F2863300561E62 /* GTMMethodCheck.m */; };
		7F38DD3B0F68694B0051B7E3 /* Vermilion.framework in Frameworks */ = {isa = PBXBuildFile; fileRef = 7F38DD3A0F68694B0051B7E3 /* Vermilion.framework */; };
		7F38DE690F688CC20051B7E3 /* GTM.framework in Frameworks */ = {isa = PBXBuildFile; fileRef = 7F38DE680F688CC20051B7E3 /* GTM.framework */; };
		7F80FC720F696C5B00228142 /* Cocoa.framework in Frameworks */ = {isa = PBXBuildFile; fileRef = 7F80FC710F696C5B00228142 /* Cocoa.framework */; };
		8B0D217E0F796E1C00FD4A12 /* HGSBundle.m in Sources */ = {isa = PBXBuildFile; fileRef = 8B0D217D0F796E1C00FD4A12 /* HGSBundle.m */; };
		8B44633B10F2722800561E62 /* QSBPluginUI.framework in Frameworks */ = {isa = PBXBuildFile; fileRef = 8B44633A10F2722800561E62 /* QSBPluginUI.framework */; };
		8B4465A510F285F600561E62 /* GData.framework in Frameworks */ = {isa = PBXBuildFile; fileRef = 8B4465A410F285F600561E62 /* GData.framework */; };
/* End PBXBuildFile section */

/* Begin PBXFileReference section */
		45315BDF122011BF004ED59E /* ClassicDeliciousFetcher.h */ = {isa = PBXFileReference; fileEncoding = 4; lastKnownFileType = sourcecode.c.h; path = ClassicDeliciousFetcher.h; sourceTree = "<group>"; };
		45315BE0122011BF004ED59E /* ClassicDeliciousFetcher.m */ = {isa = PBXFileReference; fileEncoding = 4; lastKnownFileType = sourcecode.c.objc; path = ClassicDeliciousFetcher.m; sourceTree = "<group>"; };
		4579210D1239D0870002CA4F /* OAuthDeliciousFetcher.h */ = {isa = PBXFileReference; fileEncoding = 4; lastKnownFileType = sourcecode.c.h; path = OAuthDeliciousFetcher.h; sourceTree = "<group>"; };
		4579210E1239D0870002CA4F /* OAuthDeliciousFetcher.m */ = {isa = PBXFileReference; fileEncoding = 4; lastKnownFileType = sourcecode.c.objc; path = OAuthDeliciousFetcher.m; sourceTree = "<group>"; };
		457926EC1241C9F40002CA4F /* Base64Transcoder.c */ = {isa = PBXFileReference; fileEncoding = 4; lastKnownFileType = sourcecode.c.c; path = Base64Transcoder.c; sourceTree = "<group>"; };
		457926ED1241C9F40002CA4F /* Base64Transcoder.h */ = {isa = PBXFileReference; fileEncoding = 4; lastKnownFileType = sourcecode.c.h; path = Base64Transcoder.h; sourceTree = "<group>"; };
		457926EE1241C9F40002CA4F /* NSMutableURLRequest+Parameters.h */ = {isa = PBXFileReference; fileEncoding = 4; lastKnownFileType = sourcecode.c.h; name = "NSMutableURLRequest+Parameters.h"; path = "OAuthConsumer/NSMutableURLRequest+Parameters.h"; sourceTree = "<group>"; };
		457926EF1241C9F40002CA4F /* NSMutableURLRequest+Parameters.m */ = {isa = PBXFileReference; fileEncoding = 4; lastKnownFileType = sourcecode.c.objc; name = "NSMutableURLRequest+Parameters.m"; path = "OAuthConsumer/NSMutableURLRequest+Parameters.m"; sourceTree = "<group>"; };
		457926F01241C9F40002CA4F /* NSString+URLEncoding.h */ = {isa = PBXFileReference; fileEncoding = 4; lastKnownFileType = sourcecode.c.h; name = "NSString+URLEncoding.h"; path = "OAuthConsumer/NSString+URLEncoding.h"; sourceTree = "<group>"; };
		457926F11241C9F40002CA4F /* NSString+URLEncoding.m */ = {isa = PBXFileReference; fileEncoding = 4; lastKnownFileType = sourcecode.c.objc; name = "NSString+URLEncoding.m"; path = "OAuthConsumer/NSString+URLEncoding.m"; sourceTree = "<group>"; };
		457926F21241C9F40002CA4F /* NSURL+Base.h */ = {isa = PBXFileReference; fileEncoding = 4; lastKnownFileType = sourcecode.c.h; name = "NSURL+Base.h"; path = "OAuthConsumer/NSURL+Base.h"; sourceTree = "<group>"; };
		457926F31241C9F40002CA4F /* NSURL+Base.m */ = {isa = PBXFileReference; fileEncoding = 4; lastKnownFileType = sourcecode.c.objc; name = "NSURL+Base.m"; path = "OAuthConsumer/NSURL+Base.m"; sourceTree = "<group>"; };
		457926F41241C9F40002CA4F /* OAAsynchronousDataFetcher.h */ = {isa = PBXFileReference; fileEncoding = 4; lastKnownFileType = sourcecode.c.h; name = OAAsynchronousDataFetcher.h; path = OAuthConsumer/OAAsynchronousDataFetcher.h; sourceTree = "<group>"; };
		457926F51241C9F40002CA4F /* OAAsynchronousDataFetcher.m */ = {isa = PBXFileReference; fileEncoding = 4; lastKnownFileType = sourcecode.c.objc; name = OAAsynchronousDataFetcher.m; path = OAuthConsumer/OAAsynchronousDataFetcher.m; sourceTree = "<group>"; };
		457926F61241C9F40002CA4F /* OAConsumer.h */ = {isa = PBXFileReference; fileEncoding = 4; lastKnownFileType = sourcecode.c.h; name = OAConsumer.h; path = OAuthConsumer/OAConsumer.h; sourceTree = "<group>"; };
		457926F71241C9F40002CA4F /* OAConsumer.m */ = {isa = PBXFileReference; fileEncoding = 4; lastKnownFileType = sourcecode.c.objc; name = OAConsumer.m; path = OAuthConsumer/OAConsumer.m; sourceTree = "<group>"; };
		457926F81241C9F40002CA4F /* OADataFetcher.h */ = {isa = PBXFileReference; fileEncoding = 4; lastKnownFileType = sourcecode.c.h; name = OADataFetcher.h; path = OAuthConsumer/OADataFetcher.h; sourceTree = "<group>"; };
		457926F91241C9F40002CA4F /* OADataFetcher.m */ = {isa = PBXFileReference; fileEncoding = 4; lastKnownFileType = sourcecode.c.objc; name = OADataFetcher.m; path = OAuthConsumer/OADataFetcher.m; sourceTree = "<group>"; };
		457926FA1241C9F40002CA4F /* OAHMAC_SHA1SignatureProvider.h */ = {isa = PBXFileReference; fileEncoding = 4; lastKnownFileType = sourcecode.c.h; name = OAHMAC_SHA1SignatureProvider.h; path = OAuthConsumer/OAHMAC_SHA1SignatureProvider.h; sourceTree = "<group>"; };
		457926FB1241C9F40002CA4F /* OAHMAC_SHA1SignatureProvider.m */ = {isa = PBXFileReference; fileEncoding = 4; lastKnownFileType = sourcecode.c.objc; name = OAHMAC_SHA1SignatureProvider.m; path = OAuthConsumer/OAHMAC_SHA1SignatureProvider.m; sourceTree = "<group>"; };
		457926FC1241C9F40002CA4F /* OAMutableURLRequest.h */ = {isa = PBXFileReference; fileEncoding = 4; lastKnownFileType = sourcecode.c.h; name = OAMutableURLRequest.h; path = OAuthConsumer/OAMutableURLRequest.h; sourceTree = "<group>"; };
		457926FD1241C9F40002CA4F /* OAMutableURLRequest.m */ = {isa = PBXFileReference; fileEncoding = 4; lastKnownFileType = sourcecode.c.objc; name = OAMutableURLRequest.m; path = OAuthConsumer/OAMutableURLRequest.m; sourceTree = "<group>"; };
		457926FE1241C9F40002CA4F /* OAPlaintextSignatureProvider.h */ = {isa = PBXFileReference; fileEncoding = 4; lastKnownFileType = sourcecode.c.h; name = OAPlaintextSignatureProvider.h; path = OAuthConsumer/OAPlaintextSignatureProvider.h; sourceTree = "<group>"; };
		457926FF1241C9F40002CA4F /* OAPlaintextSignatureProvider.m */ = {isa = PBXFileReference; fileEncoding = 4; lastKnownFileType = sourcecode.c.objc; name = OAPlaintextSignatureProvider.m; path = OAuthConsumer/OAPlaintextSignatureProvider.m; sourceTree = "<group>"; };
		457927001241C9F40002CA4F /* OARequestParameter.h */ = {isa = PBXFileReference; fileEncoding = 4; lastKnownFileType = sourcecode.c.h; name = OARequestParameter.h; path = OAuthConsumer/OARequestParameter.h; sourceTree = "<group>"; };
		457927011241C9F40002CA4F /* OARequestParameter.m */ = {isa = PBXFileReference; fileEncoding = 4; lastKnownFileType = sourcecode.c.objc; name = OARequestParameter.m; path = OAuthConsumer/OARequestParameter.m; sourceTree = "<group>"; };
		457927021241C9F40002CA4F /* OAServiceTicket.h */ = {isa = PBXFileReference; fileEncoding = 4; lastKnownFileType = sourcecode.c.h; name = OAServiceTicket.h; path = OAuthConsumer/OAServiceTicket.h; sourceTree = "<group>"; };
		457927031241C9F40002CA4F /* OAServiceTicket.m */ = {isa = PBXFileReference; fileEncoding = 4; lastKnownFileType = sourcecode.c.objc; name = OAServiceTicket.m; path = OAuthConsumer/OAServiceTicket.m; sourceTree = "<group>"; };
		457927041241C9F40002CA4F /* OASignatureProviding.h */ = {isa = PBXFileReference; fileEncoding = 4; lastKnownFileType = sourcecode.c.h; name = OASignatureProviding.h; path = OAuthConsumer/OASignatureProviding.h; sourceTree = "<group>"; };
		457927061241C9F40002CA4F /* OAToken_KeychainExtensions.h */ = {isa = PBXFileReference; fileEncoding = 4; lastKnownFileType = sourcecode.c.h; name = OAToken_KeychainExtensions.h; path = OAuthConsumer/OAToken_KeychainExtensions.h; sourceTree = "<group>"; };
		457927071241C9F40002CA4F /* OAToken_KeychainExtensions.m */ = {isa = PBXFileReference; fileEncoding = 4; lastKnownFileType = sourcecode.c.objc; name = OAToken_KeychainExtensions.m; path = OAuthConsumer/OAToken_KeychainExtensions.m; sourceTree = "<group>"; };
		457927081241C9F40002CA4F /* OAToken.h */ = {isa = PBXFileReference; fileEncoding = 4; lastKnownFileType = sourcecode.c.h; name = OAToken.h; path = OAuthConsumer/OAToken.h; sourceTree = "<group>"; };
		457927091241C9F40002CA4F /* OAToken.m */ = {isa = PBXFileReference; fileEncoding = 4; lastKnownFileType = sourcecode.c.objc; name = OAToken.m; path = OAuthConsumer/OAToken.m; sourceTree = "<group>"; };
		4579270C1241C9F40002CA4F /* OAuthConsumer_Prefix.pch */ = {isa = PBXFileReference; fileEncoding = 4; lastKnownFileType = sourcecode.c.h; name = OAuthConsumer_Prefix.pch; path = OAuthConsumer/OAuthConsumer_Prefix.pch; sourceTree = "<group>"; };
		4579270D1241C9F40002CA4F /* OAuthConsumer.h */ = {isa = PBXFileReference; fileEncoding = 4; lastKnownFileType = sourcecode.c.h; name = OAuthConsumer.h; path = OAuthConsumer/OAuthConsumer.h; sourceTree = "<group>"; };
		45AEEC0B12345A9400DF8A06 /* DeliciousFetcherSource.h */ = {isa = PBXFileReference; fileEncoding = 4; lastKnownFileType = sourcecode.c.h; path = DeliciousFetcherSource.h; sourceTree = "<group>"; };
		45AEEC2912345F6C00DF8A06 /* DeliciousFetcher.h */ = {isa = PBXFileReference; fileEncoding = 4; lastKnownFileType = sourcecode.c.h; path = DeliciousFetcher.h; sourceTree = "<group>"; };
		45AEEC2A12345F6C00DF8A06 /* DeliciousFetcher.m */ = {isa = PBXFileReference; fileEncoding = 4; lastKnownFileType = sourcecode.c.objc; path = DeliciousFetcher.m; sourceTree = "<group>"; };
		45AEEC381234694C00DF8A06 /* DeliciousReceiver.h */ = {isa = PBXFileReference; fileEncoding = 4; lastKnownFileType = sourcecode.c.h; path = DeliciousReceiver.h; sourceTree = "<group>"; };
		45AEEC631235C67A00DF8A06 /* YahooDeliciousAccount.h */ = {isa = PBXFileReference; fileEncoding = 4; lastKnownFileType = sourcecode.c.h; path = YahooDeliciousAccount.h; sourceTree = "<group>"; };
		45AEEC641235C67A00DF8A06 /* YahooDeliciousAccount.m */ = {isa = PBXFileReference; fileEncoding = 4; lastKnownFileType = sourcecode.c.objc; path = YahooDeliciousAccount.m; sourceTree = "<group>"; };
		45AEEC771235CB1C00DF8A06 /* English */ = {isa = PBXFileReference; lastKnownFileType = file.xib; name = English; path = English.lproj/EditYahooDeliciousAccount.xib; sourceTree = "<group>"; };
		45AEEC791235CB1C00DF8A06 /* English */ = {isa = PBXFileReference; lastKnownFileType = file.xib; name = English; path = English.lproj/SetUpYahooDeliciousAccountView.xib; sourceTree = "<group>"; };
		45AEEE221235DCD300DF8A06 /* NSData+OAuthResponse.h */ = {isa = PBXFileReference; fileEncoding = 4; lastKnownFileType = sourcecode.c.h; path = "NSData+OAuthResponse.h"; sourceTree = "<group>"; };
		45AEEE231235DCD300DF8A06 /* NSData+OAuthResponse.m */ = {isa = PBXFileReference; fileEncoding = 4; lastKnownFileType = sourcecode.c.objc; path = "NSData+OAuthResponse.m"; sourceTree = "<group>"; };
		45AEEE241235DCD300DF8A06 /* NSDictionary+QueryString.h */ = {isa = PBXFileReference; fileEncoding = 4; lastKnownFileType = sourcecode.c.h; path = "NSDictionary+QueryString.h"; sourceTree = "<group>"; };
		45AEEE251235DCD300DF8A06 /* NSDictionary+QueryString.m */ = {isa = PBXFileReference; fileEncoding = 4; lastKnownFileType = sourcecode.c.objc; path = "NSDictionary+QueryString.m"; sourceTree = "<group>"; };
		45AEEE261235DCD300DF8A06 /* NSString+URLEncoding.h */ = {isa = PBXFileReference; fileEncoding = 4; lastKnownFileType = sourcecode.c.h; path = "NSString+URLEncoding.h"; sourceTree = "<group>"; };
		45AEEE271235DCD300DF8A06 /* NSString+URLEncoding.m */ = {isa = PBXFileReference; fileEncoding = 4; lastKnownFileType = sourcecode.c.objc; path = "NSString+URLEncoding.m"; sourceTree = "<group>"; };
		45AEEE281235DCD300DF8A06 /* YOAuth.h */ = {isa = PBXFileReference; fileEncoding = 4; lastKnownFileType = sourcecode.c.h; path = YOAuth.h; sourceTree = "<group>"; };
		45AEEE291235DCD300DF8A06 /* YOAuthConsumer.h */ = {isa = PBXFileReference; fileEncoding = 4; lastKnownFileType = sourcecode.c.h; path = YOAuthConsumer.h; sourceTree = "<group>"; };
		45AEEE2A1235DCD300DF8A06 /* YOAuthConsumer.m */ = {isa = PBXFileReference; fileEncoding = 4; lastKnownFileType = sourcecode.c.objc; path = YOAuthConsumer.m; sourceTree = "<group>"; };
		45AEEE2B1235DCD300DF8A06 /* YOAuthRequest.h */ = {isa = PBXFileReference; fileEncoding = 4; lastKnownFileType = sourcecode.c.h; path = YOAuthRequest.h; sourceTree = "<group>"; };
		45AEEE2C1235DCD300DF8A06 /* YOAuthRequest.m */ = {isa = PBXFileReference; fileEncoding = 4; lastKnownFileType = sourcecode.c.objc; path = YOAuthRequest.m; sourceTree = "<group>"; };
		45AEEE2D1235DCD300DF8A06 /* YOAuthSignatureMethod.h */ = {isa = PBXFileReference; fileEncoding = 4; lastKnownFileType = sourcecode.c.h; path = YOAuthSignatureMethod.h; sourceTree = "<group>"; };
		45AEEE2E1235DCD300DF8A06 /* YOAuthSignatureMethod_HMAC-SHA1.h */ = {isa = PBXFileReference; fileEncoding = 4; lastKnownFileType = sourcecode.c.h; path = "YOAuthSignatureMethod_HMAC-SHA1.h"; sourceTree = "<group>"; };
		45AEEE2F1235DCD300DF8A06 /* YOAuthSignatureMethod_HMAC-SHA1.m */ = {isa = PBXFileReference; fileEncoding = 4; lastKnownFileType = sourcecode.c.objc; path = "YOAuthSignatureMethod_HMAC-SHA1.m"; sourceTree = "<group>"; };
		45AEEE301235DCD300DF8A06 /* YOAuthSignatureMethod_PLAINTEXT.h */ = {isa = PBXFileReference; fileEncoding = 4; lastKnownFileType = sourcecode.c.h; path = YOAuthSignatureMethod_PLAINTEXT.h; sourceTree = "<group>"; };
		45AEEE311235DCD300DF8A06 /* YOAuthSignatureMethod_PLAINTEXT.m */ = {isa = PBXFileReference; fileEncoding = 4; lastKnownFileType = sourcecode.c.objc; path = YOAuthSignatureMethod_PLAINTEXT.m; sourceTree = "<group>"; };
		45AEEE321235DCD300DF8A06 /* YOAuthToken.h */ = {isa = PBXFileReference; fileEncoding = 4; lastKnownFileType = sourcecode.c.h; path = YOAuthToken.h; sourceTree = "<group>"; };
		45AEEE331235DCD300DF8A06 /* YOAuthToken.m */ = {isa = PBXFileReference; fileEncoding = 4; lastKnownFileType = sourcecode.c.objc; path = YOAuthToken.m; sourceTree = "<group>"; };
		45AEEE341235DCD300DF8A06 /* YOAuthUtil.h */ = {isa = PBXFileReference; fileEncoding = 4; lastKnownFileType = sourcecode.c.h; path = YOAuthUtil.h; sourceTree = "<group>"; };
		45AEEE351235DCD300DF8A06 /* YOAuthUtil.m */ = {isa = PBXFileReference; fileEncoding = 4; lastKnownFileType = sourcecode.c.objc; path = YOAuthUtil.m; sourceTree = "<group>"; };
		45AEEE371235DCD300DF8A06 /* YOSAccessToken.h */ = {isa = PBXFileReference; fileEncoding = 4; lastKnownFileType = sourcecode.c.h; path = YOSAccessToken.h; sourceTree = "<group>"; };
		45AEEE381235DCD300DF8A06 /* YOSAccessToken.m */ = {isa = PBXFileReference; fileEncoding = 4; lastKnownFileType = sourcecode.c.objc; path = YOSAccessToken.m; sourceTree = "<group>"; };
		45AEEE391235DCD300DF8A06 /* YOSAuthRequest.h */ = {isa = PBXFileReference; fileEncoding = 4; lastKnownFileType = sourcecode.c.h; path = YOSAuthRequest.h; sourceTree = "<group>"; };
		45AEEE3A1235DCD300DF8A06 /* YOSAuthRequest.m */ = {isa = PBXFileReference; fileEncoding = 4; lastKnownFileType = sourcecode.c.objc; path = YOSAuthRequest.m; sourceTree = "<group>"; };
		45AEEE3B1235DCD300DF8A06 /* YOSBaseRequest.h */ = {isa = PBXFileReference; fileEncoding = 4; lastKnownFileType = sourcecode.c.h; path = YOSBaseRequest.h; sourceTree = "<group>"; };
		45AEEE3C1235DCD300DF8A06 /* YOSBaseRequest.m */ = {isa = PBXFileReference; fileEncoding = 4; lastKnownFileType = sourcecode.c.objc; path = YOSBaseRequest.m; sourceTree = "<group>"; };
		45AEEE3F1235DCD300DF8A06 /* YOSRequestClient.h */ = {isa = PBXFileReference; fileEncoding = 4; lastKnownFileType = sourcecode.c.h; path = YOSRequestClient.h; sourceTree = "<group>"; };
		45AEEE401235DCD300DF8A06 /* YOSRequestClient.m */ = {isa = PBXFileReference; fileEncoding = 4; lastKnownFileType = sourcecode.c.objc; path = YOSRequestClient.m; sourceTree = "<group>"; };
		45AEEE411235DCD300DF8A06 /* YOSRequestToken.h */ = {isa = PBXFileReference; fileEncoding = 4; lastKnownFileType = sourcecode.c.h; path = YOSRequestToken.h; sourceTree = "<group>"; };
		45AEEE421235DCD300DF8A06 /* YOSRequestToken.m */ = {isa = PBXFileReference; fileEncoding = 4; lastKnownFileType = sourcecode.c.objc; path = YOSRequestToken.m; sourceTree = "<group>"; };
		45AEEE431235DCD300DF8A06 /* YOSResponseData.h */ = {isa = PBXFileReference; fileEncoding = 4; lastKnownFileType = sourcecode.c.h; path = YOSResponseData.h; sourceTree = "<group>"; };
		45AEEE441235DCD300DF8A06 /* YOSResponseData.m */ = {isa = PBXFileReference; fileEncoding = 4; lastKnownFileType = sourcecode.c.objc; path = YOSResponseData.m; sourceTree = "<group>"; };
		45AEEE451235DCD300DF8A06 /* YOSSession.h */ = {isa = PBXFileReference; fileEncoding = 4; lastKnownFileType = sourcecode.c.h; path = YOSSession.h; sourceTree = "<group>"; };
		45AEEE461235DCD300DF8A06 /* YOSSession.m */ = {isa = PBXFileReference; fileEncoding = 4; lastKnownFileType = sourcecode.c.objc; path = YOSSession.m; sourceTree = "<group>"; };
		45AEEE471235DCD300DF8A06 /* YOSSocial.h */ = {isa = PBXFileReference; fileEncoding = 4; lastKnownFileType = sourcecode.c.h; path = YOSSocial.h; sourceTree = "<group>"; };
		45AEEE481235DCD300DF8A06 /* YOSTokenStore.h */ = {isa = PBXFileReference; fileEncoding = 4; lastKnownFileType = sourcecode.c.h; path = YOSTokenStore.h; sourceTree = "<group>"; };
		45AEEE491235DCD300DF8A06 /* YOSTokenStore.m */ = {isa = PBXFileReference; fileEncoding = 4; lastKnownFileType = sourcecode.c.objc; path = YOSTokenStore.m; sourceTree = "<group>"; };
		45AEEE4A1235DCD300DF8A06 /* YOSUser.h */ = {isa = PBXFileReference; fileEncoding = 4; lastKnownFileType = sourcecode.c.h; path = YOSUser.h; sourceTree = "<group>"; };
		45AEEE4B1235DCD300DF8A06 /* YOSUser.m */ = {isa = PBXFileReference; fileEncoding = 4; lastKnownFileType = sourcecode.c.objc; path = YOSUser.m; sourceTree = "<group>"; };
		45D711841242E7A8007B7996 /* Security.framework */ = {isa = PBXFileReference; lastKnownFileType = wrapper.framework; name = Security.framework; path = System/Library/Frameworks/Security.framework; sourceTree = SDKROOT; };
		45D712B51242FDBE007B7996 /* JSON.framework */ = {isa = PBXFileReference; lastKnownFileType = wrapper.framework; path = JSON.framework; sourceTree = QSBBUILDROOT; };
		45DB62D010F2EB7200887E8A /* DeliciousAccount.h */ = {isa = PBXFileReference; fileEncoding = 4; lastKnownFileType = sourcecode.c.h; path = DeliciousAccount.h; sourceTree = "<group>"; };
		45DB62D110F2EB7200887E8A /* DeliciousAccount.m */ = {isa = PBXFileReference; fileEncoding = 4; lastKnownFileType = sourcecode.c.objc; path = DeliciousAccount.m; sourceTree = "<group>"; };
		45DB62D210F2EB7200887E8A /* DeliciousBookmarksSource.m */ = {isa = PBXFileReference; fileEncoding = 4; lastKnownFileType = sourcecode.c.objc; path = DeliciousBookmarksSource.m; sourceTree = "<group>"; };
		45DB62D310F2EB7200887E8A /* DeliciousConstants.h */ = {isa = PBXFileReference; fileEncoding = 4; lastKnownFileType = sourcecode.c.h; path = DeliciousConstants.h; sourceTree = "<group>"; };
		45DB62D810F2EBB400887E8A /* Delicious-Info.plist */ = {isa = PBXFileReference; fileEncoding = 4; lastKnownFileType = text.plist.xml; path = "Delicious-Info.plist"; sourceTree = "<group>"; };
		45DB62DA10F2EBE600887E8A /* delicious.icns */ = {isa = PBXFileReference; lastKnownFileType = image.icns; path = delicious.icns; sourceTree = "<group>"; };
		45DB62DD10F2EBF500887E8A /* English */ = {isa = PBXFileReference; lastKnownFileType = file.xib; name = English; path = English.lproj/EditDeliciousAccount.xib; sourceTree = "<group>"; };
		45DB62DF10F2EBF500887E8A /* English */ = {isa = PBXFileReference; lastKnownFileType = file.xib; name = English; path = English.lproj/SetUpDeliciousAccountView.xib; sourceTree = "<group>"; };
		45DB62F610F2ECB500887E8A /* Delicious_Prefix.pch */ = {isa = PBXFileReference; fileEncoding = 4; lastKnownFileType = sourcecode.c.h; path = Delicious_Prefix.pch; sourceTree = "<group>"; };
		7F38DD3A0F68694B0051B7E3 /* Vermilion.framework */ = {isa = PBXFileReference; lastKnownFileType = wrapper.framework; path = Vermilion.framework; sourceTree = QSBBUILDROOT; };
		7F38DE680F688CC20051B7E3 /* GTM.framework */ = {isa = PBXFileReference; lastKnownFileType = wrapper.framework; path = GTM.framework; sourceTree = QSBBUILDROOT; };
		7F80FC710F696C5B00228142 /* Cocoa.framework */ = {isa = PBXFileReference; lastKnownFileType = wrapper.framework; name = Cocoa.framework; path = System/Library/Frameworks/Cocoa.framework; sourceTree = SDKROOT; };
		7F8450F40F6B1F7B000CD5C1 /* QSBDebug.xcconfig */ = {isa = PBXFileReference; fileEncoding = 4; lastKnownFileType = text.xcconfig; name = QSBDebug.xcconfig; path = QSB/xcconfig/QSBDebug.xcconfig; sourceTree = QSBSRCROOT; };
		7F8450F50F6B1F7B000CD5C1 /* QSBRelease.xcconfig */ = {isa = PBXFileReference; fileEncoding = 4; lastKnownFileType = text.xcconfig; name = QSBRelease.xcconfig; path = QSB/xcconfig/QSBRelease.xcconfig; sourceTree = QSBSRCROOT; };
		8B0D217D0F796E1C00FD4A12 /* HGSBundle.m */ = {isa = PBXFileReference; fileEncoding = 4; lastKnownFileType = sourcecode.c.objc; name = HGSBundle.m; path = ../Vermilion/Vermilion/HGSBundle.m; sourceTree = QSBSRCROOT; };
		8B44633A10F2722800561E62 /* QSBPluginUI.framework */ = {isa = PBXFileReference; lastKnownFileType = wrapper.framework; path = QSBPluginUI.framework; sourceTree = QSBBUILDROOT; };
		8B4465A410F285F600561E62 /* GData.framework */ = {isa = PBXFileReference; lastKnownFileType = wrapper.framework; path = GData.framework; sourceTree = QSBBUILDROOT; };
		8B4465E810F2863300561E62 /* GTMMethodCheck.m */ = {isa = PBXFileReference; fileEncoding = 4; lastKnownFileType = sourcecode.c.objc; name = GTMMethodCheck.m; path = DebugUtils/GTMMethodCheck.m; sourceTree = "<group>"; };
		8B4465EF10F2867D00561E62 /* GTMMethodCheck.h */ = {isa = PBXFileReference; fileEncoding = 4; lastKnownFileType = sourcecode.c.h; name = GTMMethodCheck.h; path = DebugUtils/GTMMethodCheck.h; sourceTree = "<group>"; };
		8B4465F110F2868700561E62 /* GTMObjC2Runtime.h */ = {isa = PBXFileReference; fileEncoding = 4; lastKnownFileType = sourcecode.c.h; path = GTMObjC2Runtime.h; sourceTree = "<group>"; };
		8B4465F410F2868F00561E62 /* GTMDefines.h */ = {isa = PBXFileReference; fileEncoding = 4; lastKnownFileType = sourcecode.c.h; path = GTMDefines.h; sourceTree = "<group>"; };
		8BAA94490F7A6EBC00DF4F12 /* LoadableBundle.xcconfig */ = {isa = PBXFileReference; fileEncoding = 4; lastKnownFileType = text.xcconfig; name = LoadableBundle.xcconfig; path = "externals/google-toolbox-for-mac/XcodeConfig/Target/LoadableBundle.xcconfig"; sourceTree = QSBSRCROOT; };
		8D5B49B6048680CD000E48DA /* Delicious.hgs */ = {isa = PBXFileReference; explicitFileType = wrapper.cfbundle; includeInIndex = 0; path = Delicious.hgs; sourceTree = BUILT_PRODUCTS_DIR; };
/* End PBXFileReference section */

/* Begin PBXFrameworksBuildPhase section */
		8D5B49B3048680CD000E48DA /* Frameworks */ = {
			isa = PBXFrameworksBuildPhase;
			buildActionMask = 2147483647;
			files = (
				7F38DD3B0F68694B0051B7E3 /* Vermilion.framework in Frameworks */,
				7F38DE690F688CC20051B7E3 /* GTM.framework in Frameworks */,
				7F80FC720F696C5B00228142 /* Cocoa.framework in Frameworks */,
				8B44633B10F2722800561E62 /* QSBPluginUI.framework in Frameworks */,
				8B4465A510F285F600561E62 /* GData.framework in Frameworks */,
				45D711851242E7A8007B7996 /* Security.framework in Frameworks */,
				45D712B61242FDBE007B7996 /* JSON.framework in Frameworks */,
			);
			runOnlyForDeploymentPostprocessing = 0;
		};
/* End PBXFrameworksBuildPhase section */

/* Begin PBXGroup section */
		089C166AFE841209C02AAC07 /* Delicious */ = {
			isa = PBXGroup;
			children = (
				8B4465E310F2863300561E62 /* externals */,
				08FB77AFFE84173DC02AAC07 /* Classes */,
				32C88E010371C26100C91783 /* Other Sources */,
				45AEEE141235DC8100DF8A06 /* YahooOAuth */,
				4579271E1241CA040002CA4F /* OAuthConsumer */,
				089C167CFE841241C02AAC07 /* Resources */,
				089C1671FE841209C02AAC07 /* Frameworks and Libraries */,
				19C28FB8FE9D52D311CA2CBB /* Products */,
			);
			name = Delicious;
			sourceTree = "<group>";
		};
		089C1671FE841209C02AAC07 /* Frameworks and Libraries */ = {
			isa = PBXGroup;
			children = (
				1058C7ACFEA557BF11CA2CBB /* Linked Frameworks */,
			);
			name = "Frameworks and Libraries";
			sourceTree = "<group>";
		};
		089C167CFE841241C02AAC07 /* Resources */ = {
			isa = PBXGroup;
			children = (
				45AEEC761235CB1C00DF8A06 /* EditYahooDeliciousAccount.xib */,
				45AEEC781235CB1C00DF8A06 /* SetUpYahooDeliciousAccountView.xib */,
				45DB62DC10F2EBF500887E8A /* EditDeliciousAccount.xib */,
				45DB62DE10F2EBF500887E8A /* SetUpDeliciousAccountView.xib */,
				45DB62DA10F2EBE600887E8A /* delicious.icns */,
			);
			path = Resources;
			sourceTree = "<group>";
		};
		08FB77AFFE84173DC02AAC07 /* Classes */ = {
			isa = PBXGroup;
			children = (
				45AEEC2912345F6C00DF8A06 /* DeliciousFetcher.h */,
				45AEEC2A12345F6C00DF8A06 /* DeliciousFetcher.m */,
				45AEEC0B12345A9400DF8A06 /* DeliciousFetcherSource.h */,
				45AEEC381234694C00DF8A06 /* DeliciousReceiver.h */,
				45DB62D010F2EB7200887E8A /* DeliciousAccount.h */,
				45DB62D110F2EB7200887E8A /* DeliciousAccount.m */,
				45AEEC631235C67A00DF8A06 /* YahooDeliciousAccount.h */,
				45AEEC641235C67A00DF8A06 /* YahooDeliciousAccount.m */,
				45DB62D210F2EB7200887E8A /* DeliciousBookmarksSource.m */,
				45DB62D310F2EB7200887E8A /* DeliciousConstants.h */,
				45315BDF122011BF004ED59E /* ClassicDeliciousFetcher.h */,
				45315BE0122011BF004ED59E /* ClassicDeliciousFetcher.m */,
				4579210D1239D0870002CA4F /* OAuthDeliciousFetcher.h */,
				4579210E1239D0870002CA4F /* OAuthDeliciousFetcher.m */,
			);
			name = Classes;
			sourceTree = "<group>";
		};
		1058C7ACFEA557BF11CA2CBB /* Linked Frameworks */ = {
			isa = PBXGroup;
			children = (
				8B4465A410F285F600561E62 /* GData.framework */,
				8B44633A10F2722800561E62 /* QSBPluginUI.framework */,
				7F80FC710F696C5B00228142 /* Cocoa.framework */,
				7F38DE680F688CC20051B7E3 /* GTM.framework */,
				7F38DD3A0F68694B0051B7E3 /* Vermilion.framework */,
				45D711841242E7A8007B7996 /* Security.framework */,
				45D712B51242FDBE007B7996 /* JSON.framework */,
			);
			name = "Linked Frameworks";
			sourceTree = "<group>";
		};
		19C28FB8FE9D52D311CA2CBB /* Products */ = {
			isa = PBXGroup;
			children = (
				8D5B49B6048680CD000E48DA /* Delicious.hgs */,
			);
			name = Products;
			sourceTree = "<group>";
		};
		32C88E010371C26100C91783 /* Other Sources */ = {
			isa = PBXGroup;
			children = (
				45DB62F610F2ECB500887E8A /* Delicious_Prefix.pch */,
				45DB62D810F2EBB400887E8A /* Delicious-Info.plist */,
				8B0D217D0F796E1C00FD4A12 /* HGSBundle.m */,
				7F8450F40F6B1F7B000CD5C1 /* QSBDebug.xcconfig */,
				7F8450F50F6B1F7B000CD5C1 /* QSBRelease.xcconfig */,
				8BAA94490F7A6EBC00DF4F12 /* LoadableBundle.xcconfig */,
			);
			name = "Other Sources";
			sourceTree = "<group>";
		};
		457926EB1241C9F40002CA4F /* Crypto */ = {
			isa = PBXGroup;
			children = (
				457926EC1241C9F40002CA4F /* Base64Transcoder.c */,
				457926ED1241C9F40002CA4F /* Base64Transcoder.h */,
			);
			name = Crypto;
			path = OAuthConsumer/Crypto;
			sourceTree = "<group>";
		};
		4579271E1241CA040002CA4F /* OAuthConsumer */ = {
			isa = PBXGroup;
			children = (
				457926EB1241C9F40002CA4F /* Crypto */,
				457926EE1241C9F40002CA4F /* NSMutableURLRequest+Parameters.h */,
				457926EF1241C9F40002CA4F /* NSMutableURLRequest+Parameters.m */,
				457926F01241C9F40002CA4F /* NSString+URLEncoding.h */,
				457926F11241C9F40002CA4F /* NSString+URLEncoding.m */,
				457926F21241C9F40002CA4F /* NSURL+Base.h */,
				457926F31241C9F40002CA4F /* NSURL+Base.m */,
				457926F41241C9F40002CA4F /* OAAsynchronousDataFetcher.h */,
				457926F51241C9F40002CA4F /* OAAsynchronousDataFetcher.m */,
				457926F61241C9F40002CA4F /* OAConsumer.h */,
				457926F71241C9F40002CA4F /* OAConsumer.m */,
				457926F81241C9F40002CA4F /* OADataFetcher.h */,
				457926F91241C9F40002CA4F /* OADataFetcher.m */,
				457926FA1241C9F40002CA4F /* OAHMAC_SHA1SignatureProvider.h */,
				457926FB1241C9F40002CA4F /* OAHMAC_SHA1SignatureProvider.m */,
				457926FC1241C9F40002CA4F /* OAMutableURLRequest.h */,
				457926FD1241C9F40002CA4F /* OAMutableURLRequest.m */,
				457926FE1241C9F40002CA4F /* OAPlaintextSignatureProvider.h */,
				457926FF1241C9F40002CA4F /* OAPlaintextSignatureProvider.m */,
				457927001241C9F40002CA4F /* OARequestParameter.h */,
				457927011241C9F40002CA4F /* OARequestParameter.m */,
				457927021241C9F40002CA4F /* OAServiceTicket.h */,
				457927031241C9F40002CA4F /* OAServiceTicket.m */,
				457927041241C9F40002CA4F /* OASignatureProviding.h */,
				457927061241C9F40002CA4F /* OAToken_KeychainExtensions.h */,
				457927071241C9F40002CA4F /* OAToken_KeychainExtensions.m */,
				457927081241C9F40002CA4F /* OAToken.h */,
				457927091241C9F40002CA4F /* OAToken.m */,
				4579270C1241C9F40002CA4F /* OAuthConsumer_Prefix.pch */,
				4579270D1241C9F40002CA4F /* OAuthConsumer.h */,
			);
			name = OAuthConsumer;
			sourceTree = "<group>";
		};
		45AEEE141235DC8100DF8A06 /* YahooOAuth */ = {
			isa = PBXGroup;
			children = (
				45AEEE151235DCD300DF8A06 /* Source */,
			);
			name = YahooOAuth;
			sourceTree = "<group>";
		};
		45AEEE151235DCD300DF8A06 /* Source */ = {
			isa = PBXGroup;
			children = (
				45AEEE1E1235DCD300DF8A06 /* YOAuth */,
				45AEEE361235DCD300DF8A06 /* YOSSocial */,
			);
			name = Source;
			path = "yahoo-yos-social-objc/Source";
			sourceTree = "<group>";
		};
		45AEEE1E1235DCD300DF8A06 /* YOAuth */ = {
			isa = PBXGroup;
			children = (
				45AEEE221235DCD300DF8A06 /* NSData+OAuthResponse.h */,
				45AEEE231235DCD300DF8A06 /* NSData+OAuthResponse.m */,
				45AEEE241235DCD300DF8A06 /* NSDictionary+QueryString.h */,
				45AEEE251235DCD300DF8A06 /* NSDictionary+QueryString.m */,
				45AEEE261235DCD300DF8A06 /* NSString+URLEncoding.h */,
				45AEEE271235DCD300DF8A06 /* NSString+URLEncoding.m */,
				45AEEE281235DCD300DF8A06 /* YOAuth.h */,
				45AEEE291235DCD300DF8A06 /* YOAuthConsumer.h */,
				45AEEE2A1235DCD300DF8A06 /* YOAuthConsumer.m */,
				45AEEE2B1235DCD300DF8A06 /* YOAuthRequest.h */,
				45AEEE2C1235DCD300DF8A06 /* YOAuthRequest.m */,
				45AEEE2D1235DCD300DF8A06 /* YOAuthSignatureMethod.h */,
				45AEEE2E1235DCD300DF8A06 /* YOAuthSignatureMethod_HMAC-SHA1.h */,
				45AEEE2F1235DCD300DF8A06 /* YOAuthSignatureMethod_HMAC-SHA1.m */,
				45AEEE301235DCD300DF8A06 /* YOAuthSignatureMethod_PLAINTEXT.h */,
				45AEEE311235DCD300DF8A06 /* YOAuthSignatureMethod_PLAINTEXT.m */,
				45AEEE321235DCD300DF8A06 /* YOAuthToken.h */,
				45AEEE331235DCD300DF8A06 /* YOAuthToken.m */,
				45AEEE341235DCD300DF8A06 /* YOAuthUtil.h */,
				45AEEE351235DCD300DF8A06 /* YOAuthUtil.m */,
			);
			path = YOAuth;
			sourceTree = "<group>";
		};
		45AEEE361235DCD300DF8A06 /* YOSSocial */ = {
			isa = PBXGroup;
			children = (
				45AEEE371235DCD300DF8A06 /* YOSAccessToken.h */,
				45AEEE381235DCD300DF8A06 /* YOSAccessToken.m */,
				45AEEE391235DCD300DF8A06 /* YOSAuthRequest.h */,
				45AEEE3A1235DCD300DF8A06 /* YOSAuthRequest.m */,
				45AEEE3B1235DCD300DF8A06 /* YOSBaseRequest.h */,
				45AEEE3C1235DCD300DF8A06 /* YOSBaseRequest.m */,
				45AEEE3F1235DCD300DF8A06 /* YOSRequestClient.h */,
				45AEEE401235DCD300DF8A06 /* YOSRequestClient.m */,
				45AEEE411235DCD300DF8A06 /* YOSRequestToken.h */,
				45AEEE421235DCD300DF8A06 /* YOSRequestToken.m */,
				45AEEE431235DCD300DF8A06 /* YOSResponseData.h */,
				45AEEE441235DCD300DF8A06 /* YOSResponseData.m */,
				45AEEE451235DCD300DF8A06 /* YOSSession.h */,
				45AEEE461235DCD300DF8A06 /* YOSSession.m */,
				45AEEE471235DCD300DF8A06 /* YOSSocial.h */,
				45AEEE481235DCD300DF8A06 /* YOSTokenStore.h */,
				45AEEE491235DCD300DF8A06 /* YOSTokenStore.m */,
				45AEEE4A1235DCD300DF8A06 /* YOSUser.h */,
				45AEEE4B1235DCD300DF8A06 /* YOSUser.m */,
			);
			path = YOSSocial;
			sourceTree = "<group>";
		};
		8B4465E310F2863300561E62 /* externals */ = {
			isa = PBXGroup;
			children = (
				8B4465E410F2863300561E62 /* google-toolbox-for-mac */,
			);
			path = externals;
			sourceTree = QSBSRCROOT;
		};
		8B4465E410F2863300561E62 /* google-toolbox-for-mac */ = {
			isa = PBXGroup;
			children = (
				8B4465F410F2868F00561E62 /* GTMDefines.h */,
				8B4465E610F2863300561E62 /* DebugUtils */,
			);
			path = "google-toolbox-for-mac";
			sourceTree = "<group>";
		};
		8B4465E610F2863300561E62 /* DebugUtils */ = {
			isa = PBXGroup;
			children = (
				8B4465EF10F2867D00561E62 /* GTMMethodCheck.h */,
				8B4465E810F2863300561E62 /* GTMMethodCheck.m */,
				8B4465F010F2868700561E62 /* Foundation */,
			);
			name = DebugUtils;
			sourceTree = "<group>";
		};
		8B4465F010F2868700561E62 /* Foundation */ = {
			isa = PBXGroup;
			children = (
				8B4465F110F2868700561E62 /* GTMObjC2Runtime.h */,
			);
			path = Foundation;
			sourceTree = "<group>";
		};
/* End PBXGroup section */

/* Begin PBXNativeTarget section */
		8D5B49AC048680CD000E48DA /* Delicious */ = {
			isa = PBXNativeTarget;
			buildConfigurationList = 1DEB913A08733D840010E9CD /* Build configuration list for PBXNativeTarget "Delicious" */;
			buildPhases = (
				8D5B49AF048680CD000E48DA /* Resources */,
				8D5B49B1048680CD000E48DA /* Sources */,
				8D5B49B3048680CD000E48DA /* Frameworks */,
			);
			buildRules = (
			);
			dependencies = (
			);
			name = Delicious;
			productInstallPath = "$(HOME)/Library/Bundles";
			productName = Delicious;
			productReference = 8D5B49B6048680CD000E48DA /* Delicious.hgs */;
			productType = "com.apple.product-type.bundle";
		};
/* End PBXNativeTarget section */

/* Begin PBXProject section */
		089C1669FE841209C02AAC07 /* Project object */ = {
			isa = PBXProject;
			buildConfigurationList = 1DEB913E08733D840010E9CD /* Build configuration list for PBXProject "Delicious" */;
			compatibilityVersion = "Xcode 3.1";
			hasScannedForEncodings = 1;
			knownRegions = (
				English,
				Japanese,
				French,
				German,
				en_US,
				de,
				en_GB,
				es,
				fr,
				it,
				ja,
				nl,
				zh_CN,
				zh_TW,
			);
			mainGroup = 089C166AFE841209C02AAC07 /* Delicious */;
			projectDirPath = "";
			projectRoot = "";
			targets = (
				8D5B49AC048680CD000E48DA /* Delicious */,
			);
		};
/* End PBXProject section */

/* Begin PBXResourcesBuildPhase section */
		8D5B49AF048680CD000E48DA /* Resources */ = {
			isa = PBXResourcesBuildPhase;
			buildActionMask = 2147483647;
			files = (
				45DB62DB10F2EBE600887E8A /* delicious.icns in Resources */,
				45DB62E010F2EBF500887E8A /* EditDeliciousAccount.xib in Resources */,
				45DB62E110F2EBF500887E8A /* SetUpDeliciousAccountView.xib in Resources */,
				45AEEC7A1235CB1C00DF8A06 /* EditYahooDeliciousAccount.xib in Resources */,
				45AEEC7B1235CB1C00DF8A06 /* SetUpYahooDeliciousAccountView.xib in Resources */,
			);
			runOnlyForDeploymentPostprocessing = 0;
		};
/* End PBXResourcesBuildPhase section */

/* Begin PBXSourcesBuildPhase section */
		8D5B49B1048680CD000E48DA /* Sources */ = {
			isa = PBXSourcesBuildPhase;
			buildActionMask = 2147483647;
			files = (
				45DB63E010F41EEE00887E8A /* GTMMethodCheck.m in Sources */,
				8B0D217E0F796E1C00FD4A12 /* HGSBundle.m in Sources */,
				45DB62D410F2EB7200887E8A /* DeliciousAccount.m in Sources */,
				45DB62D510F2EB7200887E8A /* DeliciousBookmarksSource.m in Sources */,
				45315BE1122011BF004ED59E /* ClassicDeliciousFetcher.m in Sources */,
				45AEEC2B12345F6C00DF8A06 /* DeliciousFetcher.m in Sources */,
				45AEEC651235C67A00DF8A06 /* YahooDeliciousAccount.m in Sources */,
				45AEEE541235DCD300DF8A06 /* NSData+OAuthResponse.m in Sources */,
				45AEEE551235DCD300DF8A06 /* NSDictionary+QueryString.m in Sources */,
				45AEEE561235DCD300DF8A06 /* NSString+URLEncoding.m in Sources */,
				45AEEE571235DCD300DF8A06 /* YOAuthConsumer.m in Sources */,
				45AEEE581235DCD300DF8A06 /* YOAuthRequest.m in Sources */,
				45AEEE591235DCD300DF8A06 /* YOAuthSignatureMethod_HMAC-SHA1.m in Sources */,
				45AEEE5A1235DCD300DF8A06 /* YOAuthSignatureMethod_PLAINTEXT.m in Sources */,
				45AEEE5B1235DCD300DF8A06 /* YOAuthToken.m in Sources */,
				45AEEE5C1235DCD300DF8A06 /* YOAuthUtil.m in Sources */,
				45AEEE5D1235DCD300DF8A06 /* YOSAccessToken.m in Sources */,
				45AEEE5E1235DCD300DF8A06 /* YOSAuthRequest.m in Sources */,
				45AEEE5F1235DCD300DF8A06 /* YOSBaseRequest.m in Sources */,
				45AEEE611235DCD300DF8A06 /* YOSRequestClient.m in Sources */,
				45AEEE621235DCD300DF8A06 /* YOSRequestToken.m in Sources */,
				45AEEE631235DCD300DF8A06 /* YOSResponseData.m in Sources */,
				45AEEE641235DCD300DF8A06 /* YOSSession.m in Sources */,
				45AEEE651235DCD300DF8A06 /* YOSTokenStore.m in Sources */,
				45AEEE661235DCD300DF8A06 /* YOSUser.m in Sources */,
				4579210F1239D0870002CA4F /* OAuthDeliciousFetcher.m in Sources */,
				4579270E1241C9F40002CA4F /* Base64Transcoder.c in Sources */,
				4579270F1241C9F40002CA4F /* NSMutableURLRequest+Parameters.m in Sources */,
				457927101241C9F40002CA4F /* NSString+URLEncoding.m in Sources */,
				457927111241C9F40002CA4F /* NSURL+Base.m in Sources */,
				457927121241C9F40002CA4F /* OAAsynchronousDataFetcher.m in Sources */,
				457927131241C9F40002CA4F /* OAConsumer.m in Sources */,
				457927141241C9F40002CA4F /* OADataFetcher.m in Sources */,
				457927151241C9F40002CA4F /* OAHMAC_SHA1SignatureProvider.m in Sources */,
				457927161241C9F40002CA4F /* OAMutableURLRequest.m in Sources */,
				457927171241C9F40002CA4F /* OAPlaintextSignatureProvider.m in Sources */,
				457927181241C9F40002CA4F /* OARequestParameter.m in Sources */,
				457927191241C9F40002CA4F /* OAServiceTicket.m in Sources */,
				4579271B1241C9F40002CA4F /* OAToken_KeychainExtensions.m in Sources */,
				4579271C1241C9F40002CA4F /* OAToken.m in Sources */,
			);
			runOnlyForDeploymentPostprocessing = 0;
		};
/* End PBXSourcesBuildPhase section */

/* Begin PBXVariantGroup section */
		45AEEC761235CB1C00DF8A06 /* EditYahooDeliciousAccount.xib */ = {
			isa = PBXVariantGroup;
			children = (
				45AEEC771235CB1C00DF8A06 /* English */,
			);
			name = EditYahooDeliciousAccount.xib;
			sourceTree = "<group>";
		};
		45AEEC781235CB1C00DF8A06 /* SetUpYahooDeliciousAccountView.xib */ = {
			isa = PBXVariantGroup;
			children = (
				45AEEC791235CB1C00DF8A06 /* English */,
			);
			name = SetUpYahooDeliciousAccountView.xib;
			sourceTree = "<group>";
		};
		45DB62DC10F2EBF500887E8A /* EditDeliciousAccount.xib */ = {
			isa = PBXVariantGroup;
			children = (
				45DB62DD10F2EBF500887E8A /* English */,
			);
			name = EditDeliciousAccount.xib;
			sourceTree = "<group>";
		};
		45DB62DE10F2EBF500887E8A /* SetUpDeliciousAccountView.xib */ = {
			isa = PBXVariantGroup;
			children = (
				45DB62DF10F2EBF500887E8A /* English */,
			);
			name = SetUpDeliciousAccountView.xib;
			sourceTree = "<group>";
		};
/* End PBXVariantGroup section */

/* Begin XCBuildConfiguration section */
		1DEB913B08733D840010E9CD /* Debug */ = {
			isa = XCBuildConfiguration;
			baseConfigurationReference = 8BAA94490F7A6EBC00DF4F12 /* LoadableBundle.xcconfig */;
			buildSettings = {
				FRAMEWORK_SEARCH_PATHS = (
					"$(inherited)",
					"$(QSBBUILDROOT)",
				);
				GCC_PREFIX_HEADER = Delicious_Prefix.pch;
				HEADER_SEARCH_PATHS = "";
				INFOPLIST_FILE = "Delicious-Info.plist";
				LIBRARY_SEARCH_PATHS = "$(inherited)";
				PRODUCT_NAME = Delicious;
				WRAPPER_EXTENSION = hgs;
			};
			name = Debug;
		};
		1DEB913C08733D840010E9CD /* Release */ = {
			isa = XCBuildConfiguration;
			baseConfigurationReference = 8BAA94490F7A6EBC00DF4F12 /* LoadableBundle.xcconfig */;
			buildSettings = {
				FRAMEWORK_SEARCH_PATHS = (
					"$(inherited)",
					"$(QSBBUILDROOT)",
				);
				GCC_PREFIX_HEADER = Delicious_Prefix.pch;
				HEADER_SEARCH_PATHS = "";
				INFOPLIST_FILE = "Delicious-Info.plist";
				LIBRARY_SEARCH_PATHS = "$(inherited)";
				PRODUCT_NAME = Delicious;
				WRAPPER_EXTENSION = hgs;
			};
			name = Release;
		};
		1DEB913F08733D840010E9CD /* Debug */ = {
			isa = XCBuildConfiguration;
			baseConfigurationReference = 7F8450F40F6B1F7B000CD5C1 /* QSBDebug.xcconfig */;
			buildSettings = {
				"ONLY_ACTIVE_ARCH[sdk=iphoneos*]" = NO;
			};
			name = Debug;
		};
		1DEB914008733D840010E9CD /* Release */ = {
			isa = XCBuildConfiguration;
			baseConfigurationReference = 7F8450F50F6B1F7B000CD5C1 /* QSBRelease.xcconfig */;
			buildSettings = {
				"ONLY_ACTIVE_ARCH[sdk=iphoneos*]" = NO;
			};
			name = Release;
		};
/* End XCBuildConfiguration section */

/* Begin XCConfigurationList section */
		1DEB913A08733D840010E9CD /* Build configuration list for PBXNativeTarget "Delicious" */ = {
			isa = XCConfigurationList;
			buildConfigurations = (
				1DEB913B08733D840010E9CD /* Debug */,
				1DEB913C08733D840010E9CD /* Release */,
			);
			defaultConfigurationIsVisible = 0;
			defaultConfigurationName = Release;
		};
		1DEB913E08733D840010E9CD /* Build configuration list for PBXProject "Delicious" */ = {
			isa = XCConfigurationList;
			buildConfigurations = (
				1DEB913F08733D840010E9CD /* Debug */,
				1DEB914008733D840010E9CD /* Release */,
			);
			defaultConfigurationIsVisible = 0;
			defaultConfigurationName = Release;
		};
/* End XCConfigurationList section */
	};
	rootObject = 089C1669FE841209C02AAC07 /* Project object */;
}
