// !$*UTF8*$!
{
	archiveVersion = 1;
	classes = {
	};
	objectVersion = 45;
	objects = {

/* Begin PBXAppleScriptBuildPhase section */
		8B10AEC50FA77FC00087DE20 /* AppleScript */ = {
			isa = PBXAppleScriptBuildPhase;
			buildActionMask = 2147483647;
			contextName = "";
			files = (
				8B10AEB50FA77F5E0087DE20 /* Send_To_THL.applescript in AppleScript */,
			);
			isSharedContext = 0;
			runOnlyForDeploymentPostprocessing = 0;
		};
/* End PBXAppleScriptBuildPhase section */

/* Begin PBXBuildFile section */
		8B10AEB50FA77F5E0087DE20 /* Send_To_THL.applescript in AppleScript */ = {isa = PBXBuildFile; fileRef = 8B10AEB10FA77F470087DE20 /* Send_To_THL.applescript */; settings = {ATTRIBUTES = (Debug, ); }; };
		F819FB9D10A8B7A200C1A5FA /* THL.icns in CopyFiles */ = {isa = PBXBuildFile; fileRef = F819FB9910A8B78900C1A5FA /* THL.icns */; };
/* End PBXBuildFile section */

/* Begin PBXCopyFilesBuildPhase section */
		F819FBA910A8B7AC00C1A5FA /* CopyFiles */ = {
			isa = PBXCopyFilesBuildPhase;
			buildActionMask = 2147483647;
			dstPath = "";
			dstSubfolderSpec = 7;
			files = (
				F819FB9D10A8B7A200C1A5FA /* THL.icns in CopyFiles */,
			);
			runOnlyForDeploymentPostprocessing = 0;
		};
/* End PBXCopyFilesBuildPhase section */

/* Begin PBXFileReference section */
		7F8450F40F6B1F7B000CD5C1 /* QSBDebug.xcconfig */ = {isa = PBXFileReference; fileEncoding = 4; lastKnownFileType = text.xcconfig; name = QSBDebug.xcconfig; path = QSB/xcconfig/QSBDebug.xcconfig; sourceTree = QSBSRCROOT; };
		7F8450F50F6B1F7B000CD5C1 /* QSBRelease.xcconfig */ = {isa = PBXFileReference; fileEncoding = 4; lastKnownFileType = text.xcconfig; name = QSBRelease.xcconfig; path = QSB/xcconfig/QSBRelease.xcconfig; sourceTree = QSBSRCROOT; };
		8B10AEB10FA77F470087DE20 /* Send_To_THL.applescript */ = {isa = PBXFileReference; fileEncoding = 4; lastKnownFileType = sourcecode.applescript; path = Send_To_THL.applescript; sourceTree = "<group>"; };
		8B10AF6B0FA783760087DE20 /* README.txt */ = {isa = PBXFileReference; fileEncoding = 4; lastKnownFileType = text; path = README.txt; sourceTree = "<group>"; };
		8D5B49B6048680CD000E48DA /* Send_To_THL.hgs */ = {isa = PBXFileReference; explicitFileType = wrapper.cfbundle; includeInIndex = 0; path = Send_To_THL.hgs; sourceTree = BUILT_PRODUCTS_DIR; };
		8D5B49B7048680CD000E48DA /* Info.plist */ = {isa = PBXFileReference; fileEncoding = 4; lastKnownFileType = text.plist.xml; path = Info.plist; sourceTree = "<group>"; };
		F819FB9910A8B78900C1A5FA /* THL.icns */ = {isa = PBXFileReference; lastKnownFileType = image.icns; path = THL.icns; sourceTree = "<group>"; };
/* End PBXFileReference section */

/* Begin PBXGroup section */
		089C166AFE841209C02AAC07 /* Send_To_THL */ = {
			isa = PBXGroup;
			children = (
				8B10AF6B0FA783760087DE20 /* README.txt */,
				8B10AEB10FA77F470087DE20 /* Send_To_THL.applescript */,
				32C88E010371C26100C91783 /* Other Sources */,
				089C167CFE841241C02AAC07 /* Resources */,
				19C28FB8FE9D52D311CA2CBB /* Products */,
			);
			name = Send_To_THL;
			sourceTree = "<group>";
		};
		089C167CFE841241C02AAC07 /* Resources */ = {
			isa = PBXGroup;
			children = (
				F819FB9910A8B78900C1A5FA /* THL.icns */,
				8D5B49B7048680CD000E48DA /* Info.plist */,
			);
			name = Resources;
			sourceTree = "<group>";
		};
		19C28FB8FE9D52D311CA2CBB /* Products */ = {
			isa = PBXGroup;
			children = (
				8D5B49B6048680CD000E48DA /* Send_To_THL.hgs */,
			);
			name = Products;
			sourceTree = "<group>";
		};
		32C88E010371C26100C91783 /* Other Sources */ = {
			isa = PBXGroup;
			children = (
				7F8450F40F6B1F7B000CD5C1 /* QSBDebug.xcconfig */,
				7F8450F50F6B1F7B000CD5C1 /* QSBRelease.xcconfig */,
			);
			name = "Other Sources";
			sourceTree = "<group>";
		};
/* End PBXGroup section */

/* Begin PBXNativeTarget section */
		8D5B49AC048680CD000E48DA /* Send_To_THL */ = {
			isa = PBXNativeTarget;
			buildConfigurationList = 1DEB913A08733D840010E9CD /* Build configuration list for PBXNativeTarget "Send_To_THL" */;
			buildPhases = (
				F819FBA910A8B7AC00C1A5FA /* CopyFiles */,
				8B10AEC50FA77FC00087DE20 /* AppleScript */,
				8B10AEB80FA77F760087DE20 /* ShellScript */,
			);
			buildRules = (
			);
			dependencies = (
			);
			name = Send_To_THL;
			productInstallPath = "$(HOME)/Library/Bundles";
			productName = Send_To_THL;
			productReference = 8D5B49B6048680CD000E48DA /* Send_To_THL.hgs */;
			productType = "com.apple.product-type.bundle";
		};
/* End PBXNativeTarget section */

/* Begin PBXProject section */
		089C1669FE841209C02AAC07 /* Project object */ = {
			isa = PBXProject;
			buildConfigurationList = 1DEB913E08733D840010E9CD /* Build configuration list for PBXProject "Send_To_THL" */;
			compatibilityVersion = "Xcode 3.1";
			hasScannedForEncodings = 1;
			mainGroup = 089C166AFE841209C02AAC07 /* Send_To_THL */;
			projectDirPath = "";
			projectRoot = "";
			targets = (
				8D5B49AC048680CD000E48DA /* Send_To_THL */,
			);
		};
/* End PBXProject section */

/* Begin PBXShellScriptBuildPhase section */
		8B10AEB80FA77F760087DE20 /* ShellScript */ = {
			isa = PBXShellScriptBuildPhase;
			buildActionMask = 2147483647;
			files = (
			);
			inputPaths = (
			);
			outputPaths = (
			);
			runOnlyForDeploymentPostprocessing = 0;
			shellPath = /bin/sh;
			shellScript = "\"${QSBSRCROOT}/..//Vermilion/Modules/AppleScriptPlugins/Scripts/Common/AppleScriptPluginBuildCommon.sh\"";
		};
/* End PBXShellScriptBuildPhase section */

/* Begin XCBuildConfiguration section */
		1DEB913B08733D840010E9CD /* Debug */ = {
			isa = XCBuildConfiguration;
			buildSettings = {
				INFOPLIST_FILE = Info.plist;
				PRODUCT_NAME = Send_To_THL;
				WRAPPER_EXTENSION = hgs;
			};
			name = Debug;
		};
		1DEB913C08733D840010E9CD /* Release */ = {
			isa = XCBuildConfiguration;
			buildSettings = {
				INFOPLIST_FILE = Info.plist;
				PRODUCT_NAME = Send_To_THL;
				WRAPPER_EXTENSION = hgs;
			};
			name = Release;
		};
		1DEB913F08733D840010E9CD /* Debug */ = {
			isa = XCBuildConfiguration;
			baseConfigurationReference = 7F8450F40F6B1F7B000CD5C1 /* QSBDebug.xcconfig */;
			buildSettings = {
			};
			name = Debug;
		};
		1DEB914008733D840010E9CD /* Release */ = {
			isa = XCBuildConfiguration;
			baseConfigurationReference = 7F8450F50F6B1F7B000CD5C1 /* QSBRelease.xcconfig */;
			buildSettings = {
			};
			name = Release;
		};
/* End XCBuildConfiguration section */

/* Begin XCConfigurationList section */
		1DEB913A08733D840010E9CD /* Build configuration list for PBXNativeTarget "Send_To_THL" */ = {
			isa = XCConfigurationList;
			buildConfigurations = (
				1DEB913B08733D840010E9CD /* Debug */,
				1DEB913C08733D840010E9CD /* Release */,
			);
			defaultConfigurationIsVisible = 0;
			defaultConfigurationName = Release;
		};
		1DEB913E08733D840010E9CD /* Build configuration list for PBXProject "Send_To_THL" */ = {
			isa = XCConfigurationList;
			buildConfigurations = (
				1DEB913F08733D840010E9CD /* Debug */,
				1DEB914008733D840010E9CD /* Release */,
			);
			defaultConfigurationIsVisible = 0;
			defaultConfigurationName = Release;
		};
/* End XCConfigurationList section */
	};
	rootObject = 089C1669FE841209C02AAC07 /* Project object */;
}
